
Microsoft Visual Studio Solution File, Format Version 12.00
# Visual Studio 2012
Project("{FAE04EC0-301F-11D3-BF4B-00C04F79EFBC}") = "MFPluggerUtility_TestConsole", "MFPluggerUtility_TestConsole.csproj", "{4BA7DB60-97C8-4E4D-9081-9EA4C2ECEFFA}"
EndProject
Project("{FAE04EC0-301F-11D3-BF4B-00C04F79EFBC}") = "TrainingTracker.TaskScheduler", "TrainingTracker.TaskScheduler\TrainingTracker.TaskScheduler.csproj", "{0D5A3848-DE0F-44DA-B549-764A851FF0AB}"
EndProject
Global
	GlobalSection(SolutionConfigurationPlatforms) = preSolution
		Debug|Any CPU = Debug|Any CPU
		Release|Any CPU = Release|Any CPU
	EndGlobalSection
	GlobalSection(ProjectConfigurationPlatforms) = postSolution
		{4BA7DB60-97C8-4E4D-9081-9EA4C2ECEFFA}.Debug|Any CPU.ActiveCfg = Debug|Any CPU
		{4BA7DB60-97C8-4E4D-9081-9EA4C2ECEFFA}.Debug|Any CPU.Build.0 = Debug|Any CPU
		{4BA7DB60-97C8-4E4D-9081-9EA4C2ECEFFA}.Release|Any CPU.ActiveCfg = Release|Any CPU
		{4BA7DB60-97C8-4E4D-9081-9EA4C2ECEFFA}.Release|Any CPU.Build.0 = Release|Any CPU
		{0D5A3848-DE0F-44DA-B549-764A851FF0AB}.Debug|Any CPU.ActiveCfg = Debug|Any CPU
		{0D5A3848-DE0F-44DA-B549-764A851FF0AB}.Debug|Any CPU.Build.0 = Debug|Any CPU
		{0D5A3848-DE0F-44DA-B549-764A851FF0AB}.Release|Any CPU.ActiveCfg = Release|Any CPU
		{0D5A3848-DE0F-44DA-B549-764A851FF0AB}.Release|Any CPU.Build.0 = Release|Any CPU
	EndGlobalSection
	GlobalSection(SolutionProperties) = preSolution
		HideSolutionNode = FALSE
	EndGlobalSection
EndGlobal
